
Microsoft Visual Studio Solution File, Format Version 12.00
# Visual Studio Version 17
VisualStudioVersion = 17.8.34322.80
MinimumVisualStudioVersion = 10.0.40219.1
Project("{2150E333-8FDC-42A3-9474-1A3956D46DE8}") = "src", "src", "{DCA513EC-D4FB-4700-9C17-3FE3D10F909A}"
EndProject
Project("{2150E333-8FDC-42A3-9474-1A3956D46DE8}") = "1 - Services", "1 - Services", "{F2CCAA31-3AEB-4FEE-BC0B-D75058B180BB}"
EndProject
Project("{FAE04EC0-301F-11D3-BF4B-00C04F79EFBC}") = "modeloAPI.Services.Api", "modeloAPI\modeloAPI.Services.Api\modeloAPI.Services.Api.csproj", "{16050470-913A-4B25-9CAB-CB8A77D52471}"
EndProject
Project("{2150E333-8FDC-42A3-9474-1A3956D46DE8}") = "2 - Application", "2 - Application", "{AB8EBFAF-47E6-499F-BD4C-CB144DD84014}"
EndProject
Project("{FAE04EC0-301F-11D3-BF4B-00C04F79EFBC}") = "modeloAPI.Application", "modeloAPI\modeloAPI.Application\modeloAPI.Application.csproj", "{FF29CD56-9882-4293-B7DF-80C8A2F087C2}"
EndProject
Project("{2150E333-8FDC-42A3-9474-1A3956D46DE8}") = "3 - Domain", "3 - Domain", "{523BC55A-B201-4EF6-81AC-5C40574F3567}"
EndProject
Project("{FAE04EC0-301F-11D3-BF4B-00C04F79EFBC}") = "modeloAPI.Domain", "modeloAPI\modeloAPI.Domain\modeloAPI.Domain.csproj", "{B9803CBF-5F14-4247-BCC9-1915195885A7}"
EndProject
Project("{FAE04EC0-301F-11D3-BF4B-00C04F79EFBC}") = "modeloAPI.Domain.Core", "modeloAPI\modeloAPI.Domain.Core\modeloAPI.Domain.Core.csproj", "{5341ED3D-0813-4542-B5C4-F96C49978BC9}"
EndProject
Project("{2150E333-8FDC-42A3-9474-1A3956D46DE8}") = "4 - Infra", "4 - Infra", "{66E51571-90AD-4F49-86D8-C9F606733C35}"
EndProject
Project("{2150E333-8FDC-42A3-9474-1A3956D46DE8}") = "4.1 - Data", "4.1 - Data", "{45D5C72D-FD4E-4E71-A6FB-AD48ABFA1BF4}"
EndProject
Project("{FAE04EC0-301F-11D3-BF4B-00C04F79EFBC}") = "modeloAPI.Infra.Data", "modeloAPI\modeloAPI.Infra.Data\modeloAPI.Infra.Data.csproj", "{7848F921-C0B7-4013-9789-832D697AA609}"
EndProject
Project("{2150E333-8FDC-42A3-9474-1A3956D46DE8}") = "4.2 - CrossCutting", "4.2 - CrossCutting", "{95C7C0D4-9ED2-4BA5-98D0-618F77B7A269}"
EndProject
Project("{FAE04EC0-301F-11D3-BF4B-00C04F79EFBC}") = "modeloAPI.Infra.CrossCutting.IoC", "modeloAPI\modeloAPI.Infra.CrossCutting.IoC\modeloAPI.Infra.CrossCutting.IoC.csproj", "{735DBAB9-9592-4D0B-8684-307B8F4C9296}"
EndProject
Global
	GlobalSection(SolutionConfigurationPlatforms) = preSolution
		Debug|Any CPU = Debug|Any CPU
		Release|Any CPU = Release|Any CPU
	EndGlobalSection
	GlobalSection(ProjectConfigurationPlatforms) = postSolution
		{16050470-913A-4B25-9CAB-CB8A77D52471}.Debug|Any CPU.ActiveCfg = Debug|Any CPU
		{16050470-913A-4B25-9CAB-CB8A77D52471}.Debug|Any CPU.Build.0 = Debug|Any CPU
		{16050470-913A-4B25-9CAB-CB8A77D52471}.Release|Any CPU.ActiveCfg = Release|Any CPU
		{16050470-913A-4B25-9CAB-CB8A77D52471}.Release|Any CPU.Build.0 = Release|Any CPU
		{FF29CD56-9882-4293-B7DF-80C8A2F087C2}.Debug|Any CPU.ActiveCfg = Debug|Any CPU
		{FF29CD56-9882-4293-B7DF-80C8A2F087C2}.Debug|Any CPU.Build.0 = Debug|Any CPU
		{FF29CD56-9882-4293-B7DF-80C8A2F087C2}.Release|Any CPU.ActiveCfg = Release|Any CPU
		{FF29CD56-9882-4293-B7DF-80C8A2F087C2}.Release|Any CPU.Build.0 = Release|Any CPU
		{B9803CBF-5F14-4247-BCC9-1915195885A7}.Debug|Any CPU.ActiveCfg = Debug|Any CPU
		{B9803CBF-5F14-4247-BCC9-1915195885A7}.Debug|Any CPU.Build.0 = Debug|Any CPU
		{B9803CBF-5F14-4247-BCC9-1915195885A7}.Release|Any CPU.ActiveCfg = Release|Any CPU
		{B9803CBF-5F14-4247-BCC9-1915195885A7}.Release|Any CPU.Build.0 = Release|Any CPU
		{5341ED3D-0813-4542-B5C4-F96C49978BC9}.Debug|Any CPU.ActiveCfg = Debug|Any CPU
		{5341ED3D-0813-4542-B5C4-F96C49978BC9}.Debug|Any CPU.Build.0 = Debug|Any CPU
		{5341ED3D-0813-4542-B5C4-F96C49978BC9}.Release|Any CPU.ActiveCfg = Release|Any CPU
		{5341ED3D-0813-4542-B5C4-F96C49978BC9}.Release|Any CPU.Build.0 = Release|Any CPU
		{7848F921-C0B7-4013-9789-832D697AA609}.Debug|Any CPU.ActiveCfg = Debug|Any CPU
		{7848F921-C0B7-4013-9789-832D697AA609}.Debug|Any CPU.Build.0 = Debug|Any CPU
		{7848F921-C0B7-4013-9789-832D697AA609}.Release|Any CPU.ActiveCfg = Release|Any CPU
		{7848F921-C0B7-4013-9789-832D697AA609}.Release|Any CPU.Build.0 = Release|Any CPU
		{735DBAB9-9592-4D0B-8684-307B8F4C9296}.Debug|Any CPU.ActiveCfg = Debug|Any CPU
		{735DBAB9-9592-4D0B-8684-307B8F4C9296}.Debug|Any CPU.Build.0 = Debug|Any CPU
		{735DBAB9-9592-4D0B-8684-307B8F4C9296}.Release|Any CPU.ActiveCfg = Release|Any CPU
		{735DBAB9-9592-4D0B-8684-307B8F4C9296}.Release|Any CPU.Build.0 = Release|Any CPU
	EndGlobalSection
	GlobalSection(SolutionProperties) = preSolution
		HideSolutionNode = FALSE
	EndGlobalSection
	GlobalSection(NestedProjects) = preSolution
		{F2CCAA31-3AEB-4FEE-BC0B-D75058B180BB} = {DCA513EC-D4FB-4700-9C17-3FE3D10F909A}
		{16050470-913A-4B25-9CAB-CB8A77D52471} = {F2CCAA31-3AEB-4FEE-BC0B-D75058B180BB}
		{AB8EBFAF-47E6-499F-BD4C-CB144DD84014} = {DCA513EC-D4FB-4700-9C17-3FE3D10F909A}
		{FF29CD56-9882-4293-B7DF-80C8A2F087C2} = {AB8EBFAF-47E6-499F-BD4C-CB144DD84014}
		{523BC55A-B201-4EF6-81AC-5C40574F3567} = {DCA513EC-D4FB-4700-9C17-3FE3D10F909A}
		{B9803CBF-5F14-4247-BCC9-1915195885A7} = {523BC55A-B201-4EF6-81AC-5C40574F3567}
		{5341ED3D-0813-4542-B5C4-F96C49978BC9} = {523BC55A-B201-4EF6-81AC-5C40574F3567}
		{66E51571-90AD-4F49-86D8-C9F606733C35} = {DCA513EC-D4FB-4700-9C17-3FE3D10F909A}
		{45D5C72D-FD4E-4E71-A6FB-AD48ABFA1BF4} = {66E51571-90AD-4F49-86D8-C9F606733C35}
		{7848F921-C0B7-4013-9789-832D697AA609} = {45D5C72D-FD4E-4E71-A6FB-AD48ABFA1BF4}
		{95C7C0D4-9ED2-4BA5-98D0-618F77B7A269} = {66E51571-90AD-4F49-86D8-C9F606733C35}
		{735DBAB9-9592-4D0B-8684-307B8F4C9296} = {95C7C0D4-9ED2-4BA5-98D0-618F77B7A269}
	EndGlobalSection
	GlobalSection(ExtensibilityGlobals) = postSolution
		SolutionGuid = {B1D457B4-70AF-4CCE-874D-076BB3E512B1}
	EndGlobalSection
EndGlobal
